
Microsoft Visual Studio Solution File, Format Version 12.00
# Visual Studio Version 16
VisualStudioVersion = 16.0.30406.217
MinimumVisualStudioVersion = 10.0.40219.1
Project("{FAE04EC0-301F-11D3-BF4B-00C04F79EFBC}") = "TelegramBotApi", "TelegramBotApi\TelegramBotApi.csproj", "{BEE55832-F703-4BC8-8488-861897263E9C}"
EndProject
Project("{FAE04EC0-301F-11D3-BF4B-00C04F79EFBC}") = "TelegramBotApiTests", "TelegramBotApiTests\TelegramBotApiTests.csproj", "{4237EC34-AF13-4CA5-B594-D36DFA54FEB9}"
EndProject
Global
	GlobalSection(SolutionConfigurationPlatforms) = preSolution
		Debug|Any CPU = Debug|Any CPU
		Release|Any CPU = Release|Any CPU
	EndGlobalSection
	GlobalSection(ProjectConfigurationPlatforms) = postSolution
		{BEE55832-F703-4BC8-8488-861897263E9C}.Debug|Any CPU.ActiveCfg = Debug|Any CPU
		{BEE55832-F703-4BC8-8488-861897263E9C}.Debug|Any CPU.Build.0 = Debug|Any CPU
		{BEE55832-F703-4BC8-8488-861897263E9C}.Release|Any CPU.ActiveCfg = Release|Any CPU
		{BEE55832-F703-4BC8-8488-861897263E9C}.Release|Any CPU.Build.0 = Release|Any CPU
		{4237EC34-AF13-4CA5-B594-D36DFA54FEB9}.Debug|Any CPU.ActiveCfg = Debug|Any CPU
		{4237EC34-AF13-4CA5-B594-D36DFA54FEB9}.Debug|Any CPU.Build.0 = Debug|Any CPU
		{4237EC34-AF13-4CA5-B594-D36DFA54FEB9}.Release|Any CPU.ActiveCfg = Release|Any CPU
		{4237EC34-AF13-4CA5-B594-D36DFA54FEB9}.Release|Any CPU.Build.0 = Release|Any CPU
	EndGlobalSection
	GlobalSection(SolutionProperties) = preSolution
		HideSolutionNode = FALSE
	EndGlobalSection
	GlobalSection(ExtensibilityGlobals) = postSolution
		SolutionGuid = {EB73F9AB-0E3E-49AE-9CD9-2A83DB2D4AD4}
	EndGlobalSection
EndGlobal
